
Microsoft Visual Studio Solution File, Format Version 12.00
# Visual Studio Version 17
VisualStudioVersion = 17.2.32630.192
MinimumVisualStudioVersion = 10.0.40219.1
Project("{9A19103F-16F7-4668-BE54-9A1E7A4F7556}") = "DBDemo1", "DBDemo1.csproj", "{F107EBD0-12C4-410E-A227-ED1CDC7C15CB}"
EndProject
Global
	GlobalSection(SolutionConfigurationPlatforms) = preSolution
		Debug|Any CPU = Debug|Any CPU
		Release|Any CPU = Release|Any CPU
	EndGlobalSection
	GlobalSection(ProjectConfigurationPlatforms) = postSolution
		{F107EBD0-12C4-410E-A227-ED1CDC7C15CB}.Debug|Any CPU.ActiveCfg = Debug|Any CPU
		{F107EBD0-12C4-410E-A227-ED1CDC7C15CB}.Debug|Any CPU.Build.0 = Debug|Any CPU
		{F107EBD0-12C4-410E-A227-ED1CDC7C15CB}.Release|Any CPU.ActiveCfg = Release|Any CPU
		{F107EBD0-12C4-410E-A227-ED1CDC7C15CB}.Release|Any CPU.Build.0 = Release|Any CPU
	EndGlobalSection
	GlobalSection(SolutionProperties) = preSolution
		HideSolutionNode = FALSE
	EndGlobalSection
	GlobalSection(ExtensibilityGlobals) = postSolution
		SolutionGuid = {EBEA24D3-2C4D-4753-BC29-44715B789CC2}
	EndGlobalSection
EndGlobal
